// !$*UTF8*$!
{
	archiveVersion = 1;
	classes = {
	};
	objectVersion = 56;
	objects = {

/* Begin PBXBuildFile section */
		33B662DC2E66D56300BBBDE1 /* SQLite in Frameworks */ = {isa = PBXBuildFile; productRef = 33B662DB2E66D56300BBBDE1 /* SQLite */; };
		33B662E72E66DA7C00BBBDE1 /* RealmSwift in Frameworks */ = {isa = PBXBuildFile; productRef = 33B662E62E66DA7C00BBBDE1 /* RealmSwift */; };
		36AC39332E3641F3000DFFF8 /* HomeView.swift in Sources */ = {isa = PBXBuildFile; fileRef = 36AC39322E3641F3000DFFF8 /* HomeView.swift */; };
		36AC39352E364295000DFFF8 /* TrendingView.swift in Sources */ = {isa = PBXBuildFile; fileRef = 36AC39342E364295000DFFF8 /* TrendingView.swift */; };
		36AC39372E3642B3000DFFF8 /* LiveView.swift in Sources */ = {isa = PBXBuildFile; fileRef = 36AC39362E3642B3000DFFF8 /* LiveView.swift */; };
		36AC39392E3642E8000DFFF8 /* NotificationView.swift in Sources */ = {isa = PBXBuildFile; fileRef = 36AC39382E3642E8000DFFF8 /* NotificationView.swift */; };
		36AC393B2E364303000DFFF8 /* ProfileView.swift in Sources */ = {isa = PBXBuildFile; fileRef = 36AC393A2E364303000DFFF8 /* ProfileView.swift */; };
		36D2EEDF2E30A0460097ABE4 /* MazzAppApp.swift in Sources */ = {isa = PBXBuildFile; fileRef = 36D2EEDE2E30A0460097ABE4 /* MazzAppApp.swift */; };
		36D2EEE12E30A0460097ABE4 /* TabBarView.swift in Sources */ = {isa = PBXBuildFile; fileRef = 36D2EEE02E30A0460097ABE4 /* TabBarView.swift */; };
		36D2EEE32E30A0470097ABE4 /* Assets.xcassets in Resources */ = {isa = PBXBuildFile; fileRef = 36D2EEE22E30A0470097ABE4 /* Assets.xcassets */; };
		36D2EEE62E30A0470097ABE4 /* Preview Assets.xcassets in Resources */ = {isa = PBXBuildFile; fileRef = 36D2EEE52E30A0470097ABE4 /* Preview Assets.xcassets */; };
/* End PBXBuildFile section */

/* Begin PBXFileReference section */
		36AC39322E3641F3000DFFF8 /* HomeView.swift */ = {isa = PBXFileReference; lastKnownFileType = sourcecode.swift; path = HomeView.swift; sourceTree = "<group>"; };
		36AC39342E364295000DFFF8 /* TrendingView.swift */ = {isa = PBXFileReference; lastKnownFileType = sourcecode.swift; path = TrendingView.swift; sourceTree = "<group>"; };
		36AC39362E3642B3000DFFF8 /* LiveView.swift */ = {isa = PBXFileReference; lastKnownFileType = sourcecode.swift; path = LiveView.swift; sourceTree = "<group>"; };
		36AC39382E3642E8000DFFF8 /* NotificationView.swift */ = {isa = PBXFileReference; lastKnownFileType = sourcecode.swift; path = NotificationView.swift; sourceTree = "<group>"; };
		36AC393A2E364303000DFFF8 /* ProfileView.swift */ = {isa = PBXFileReference; lastKnownFileType = sourcecode.swift; path = ProfileView.swift; sourceTree = "<group>"; };
		36D2EEDB2E30A0460097ABE4 /* MazzApp.app */ = {isa = PBXFileReference; explicitFileType = wrapper.application; includeInIndex = 0; path = MazzApp.app; sourceTree = BUILT_PRODUCTS_DIR; };
		36D2EEDE2E30A0460097ABE4 /* MazzAppApp.swift */ = {isa = PBXFileReference; lastKnownFileType = sourcecode.swift; path = MazzAppApp.swift; sourceTree = "<group>"; };
		36D2EEE02E30A0460097ABE4 /* TabBarView.swift */ = {isa = PBXFileReference; lastKnownFileType = sourcecode.swift; path = TabBarView.swift; sourceTree = "<group>"; };
		36D2EEE22E30A0470097ABE4 /* Assets.xcassets */ = {isa = PBXFileReference; lastKnownFileType = folder.assetcatalog; path = Assets.xcassets; sourceTree = "<group>"; };
		36D2EEE52E30A0470097ABE4 /* Preview Assets.xcassets */ = {isa = PBXFileReference; lastKnownFileType = folder.assetcatalog; path = "Preview Assets.xcassets"; sourceTree = "<group>"; };
/* End PBXFileReference section */

/* Begin PBXFrameworksBuildPhase section */
		36D2EED82E30A0460097ABE4 /* Frameworks */ = {
			isa = PBXFrameworksBuildPhase;
			buildActionMask = 2147483647;
			files = (
				33B662E72E66DA7C00BBBDE1 /* RealmSwift in Frameworks */,
				33B662DC2E66D56300BBBDE1 /* SQLite in Frameworks */,
			);
			runOnlyForDeploymentPostprocessing = 0;
		};
/* End PBXFrameworksBuildPhase section */

/* Begin PBXGroup section */
		36D2EED22E30A0460097ABE4 = {
			isa = PBXGroup;
			children = (
				36D2EEDD2E30A0460097ABE4 /* MazzApp */,
				36D2EEDC2E30A0460097ABE4 /* Products */,
			);
			sourceTree = "<group>";
		};
		36D2EEDC2E30A0460097ABE4 /* Products */ = {
			isa = PBXGroup;
			children = (
				36D2EEDB2E30A0460097ABE4 /* MazzApp.app */,
			);
			name = Products;
			sourceTree = "<group>";
		};
		36D2EEDD2E30A0460097ABE4 /* MazzApp */ = {
			isa = PBXGroup;
			children = (
				36D2EEDE2E30A0460097ABE4 /* MazzAppApp.swift */,
				36D2EEE02E30A0460097ABE4 /* TabBarView.swift */,
				36AC39322E3641F3000DFFF8 /* HomeView.swift */,
				36AC39342E364295000DFFF8 /* TrendingView.swift */,
				36AC39362E3642B3000DFFF8 /* LiveView.swift */,
				36AC39382E3642E8000DFFF8 /* NotificationView.swift */,
				36AC393A2E364303000DFFF8 /* ProfileView.swift */,
				36D2EEE22E30A0470097ABE4 /* Assets.xcassets */,
				36D2EEE42E30A0470097ABE4 /* Preview Content */,
			);
			path = MazzApp;
			sourceTree = "<group>";
		};
		36D2EEE42E30A0470097ABE4 /* Preview Content */ = {
			isa = PBXGroup;
			children = (
				36D2EEE52E30A0470097ABE4 /* Preview Assets.xcassets */,
			);
			path = "Preview Content";
			sourceTree = "<group>";
		};
/* End PBXGroup section */

/* Begin PBXNativeTarget section */
		36D2EEDA2E30A0460097ABE4 /* MazzApp */ = {
			isa = PBXNativeTarget;
			buildConfigurationList = 36D2EEE92E30A0470097ABE4 /* Build configuration list for PBXNativeTarget "MazzApp" */;
			buildPhases = (
				36D2EED72E30A0460097ABE4 /* Sources */,
				36D2EED82E30A0460097ABE4 /* Frameworks */,
				36D2EED92E30A0460097ABE4 /* Resources */,
			);
			buildRules = (
			);
			dependencies = (
			);
			name = MazzApp;
			packageProductDependencies = (
				33B662DB2E66D56300BBBDE1 /* SQLite */,
				33B662E62E66DA7C00BBBDE1 /* RealmSwift */,
			);
			productName = MazzApp;
			productReference = 36D2EEDB2E30A0460097ABE4 /* MazzApp.app */;
			productType = "com.apple.product-type.application";
		};
/* End PBXNativeTarget section */

/* Begin PBXProject section */
		36D2EED32E30A0460097ABE4 /* Project object */ = {
			isa = PBXProject;
			attributes = {
				BuildIndependentTargetsInParallel = 1;
				LastSwiftUpdateCheck = 1520;
				LastUpgradeCheck = 1520;
				TargetAttributes = {
					36D2EEDA2E30A0460097ABE4 = {
						CreatedOnToolsVersion = 15.2;
					};
				};
			};
			buildConfigurationList = 36D2EED62E30A0460097ABE4 /* Build configuration list for PBXProject "MazzApp" */;
			compatibilityVersion = "Xcode 14.0";
			developmentRegion = en;
			hasScannedForEncodings = 0;
			knownRegions = (
				en,
				Base,
			);
			mainGroup = 36D2EED22E30A0460097ABE4;
			packageReferences = (
				33B662DA2E66D56300BBBDE1 /* XCRemoteSwiftPackageReference "SQLite" */,
				33B662E52E66DA7C00BBBDE1 /* XCRemoteSwiftPackageReference "realm-swift" */,
			);
			productRefGroup = 36D2EEDC2E30A0460097ABE4 /* Products */;
			projectDirPath = "";
			projectRoot = "";
			targets = (
				36D2EEDA2E30A0460097ABE4 /* MazzApp */,
			);
		};
/* End PBXProject section */

/* Begin PBXResourcesBuildPhase section */
		36D2EED92E30A0460097ABE4 /* Resources */ = {
			isa = PBXResourcesBuildPhase;
			buildActionMask = 2147483647;
			files = (
				36D2EEE62E30A0470097ABE4 /* Preview Assets.xcassets in Resources */,
				36D2EEE32E30A0470097ABE4 /* Assets.xcassets in Resources */,
			);
			runOnlyForDeploymentPostprocessing = 0;
		};
/* End PBXResourcesBuildPhase section */

/* Begin PBXSourcesBuildPhase section */
		36D2EED72E30A0460097ABE4 /* Sources */ = {
			isa = PBXSourcesBuildPhase;
			buildActionMask = 2147483647;
			files = (
				36D2EEE12E30A0460097ABE4 /* TabBarView.swift in Sources */,
				36AC39372E3642B3000DFFF8 /* LiveView.swift in Sources */,
				36AC39332E3641F3000DFFF8 /* HomeView.swift in Sources */,
				36D2EEDF2E30A0460097ABE4 /* MazzAppApp.swift in Sources */,
				36AC39352E364295000DFFF8 /* TrendingView.swift in Sources */,
				36AC393B2E364303000DFFF8 /* ProfileView.swift in Sources */,
				36AC39392E3642E8000DFFF8 /* NotificationView.swift in Sources */,
			);
			runOnlyForDeploymentPostprocessing = 0;
		};
/* End PBXSourcesBuildPhase section */

/* Begin XCBuildConfiguration section */
		36D2EEE72E30A0470097ABE4 /* Debug */ = {
			isa = XCBuildConfiguration;
			buildSettings = {
				ALWAYS_SEARCH_USER_PATHS = NO;
				ASSETCATALOG_COMPILER_GENERATE_SWIFT_ASSET_SYMBOL_EXTENSIONS = YES;
				CLANG_ANALYZER_NONNULL = YES;
				CLANG_ANALYZER_NUMBER_OBJECT_CONVERSION = YES_AGGRESSIVE;
				CLANG_CXX_LANGUAGE_STANDARD = "gnu++20";
				CLANG_ENABLE_MODULES = YES;
				CLANG_ENABLE_OBJC_ARC = YES;
				CLANG_ENABLE_OBJC_WEAK = YES;
				CLANG_WARN_BLOCK_CAPTURE_AUTORELEASING = YES;
				CLANG_WARN_BOOL_CONVERSION = YES;
				CLANG_WARN_COMMA = YES;
				CLANG_WARN_CONSTANT_CONVERSION = YES;
				CLANG_WARN_DEPRECATED_OBJC_IMPLEMENTATIONS = YES;
				CLANG_WARN_DIRECT_OBJC_ISA_USAGE = YES_ERROR;
				CLANG_WARN_DOCUMENTATION_COMMENTS = YES;
				CLANG_WARN_EMPTY_BODY = YES;
				CLANG_WARN_ENUM_CONVERSION = YES;
				CLANG_WARN_INFINITE_RECURSION = YES;
				CLANG_WARN_INT_CONVERSION = YES;
				CLANG_WARN_NON_LITERAL_NULL_CONVERSION = YES;
				CLANG_WARN_OBJC_IMPLICIT_RETAIN_SELF = YES;
				CLANG_WARN_OBJC_LITERAL_CONVERSION = YES;
				CLANG_WARN_OBJC_ROOT_CLASS = YES_ERROR;
				CLANG_WARN_QUOTED_INCLUDE_IN_FRAMEWORK_HEADER = YES;
				CLANG_WARN_RANGE_LOOP_ANALYSIS = YES;
				CLANG_WARN_STRICT_PROTOTYPES = YES;
				CLANG_WARN_SUSPICIOUS_MOVE = YES;
				CLANG_WARN_UNGUARDED_AVAILABILITY = YES_AGGRESSIVE;
				CLANG_WARN_UNREACHABLE_CODE = YES;
				CLANG_WARN__DUPLICATE_METHOD_MATCH = YES;
				COPY_PHASE_STRIP = NO;
				DEBUG_INFORMATION_FORMAT = dwarf;
				ENABLE_STRICT_OBJC_MSGSEND = YES;
				ENABLE_TESTABILITY = YES;
				ENABLE_USER_SCRIPT_SANDBOXING = YES;
				GCC_C_LANGUAGE_STANDARD = gnu17;
				GCC_DYNAMIC_NO_PIC = NO;
				GCC_NO_COMMON_BLOCKS = YES;
				GCC_OPTIMIZATION_LEVEL = 0;
				GCC_PREPROCESSOR_DEFINITIONS = (
					"DEBUG=1",
					"$(inherited)",
				);
				GCC_WARN_64_TO_32_BIT_CONVERSION = YES;
				GCC_WARN_ABOUT_RETURN_TYPE = YES_ERROR;
				GCC_WARN_UNDECLARED_SELECTOR = YES;
				GCC_WARN_UNINITIALIZED_AUTOS = YES_AGGRESSIVE;
				GCC_WARN_UNUSED_FUNCTION = YES;
				GCC_WARN_UNUSED_VARIABLE = YES;
				IPHONEOS_DEPLOYMENT_TARGET = 17.2;
				LOCALIZATION_PREFERS_STRING_CATALOGS = YES;
				MTL_ENABLE_DEBUG_INFO = INCLUDE_SOURCE;
				MTL_FAST_MATH = YES;
				ONLY_ACTIVE_ARCH = YES;
				SDKROOT = iphoneos;
				SWIFT_ACTIVE_COMPILATION_CONDITIONS = "DEBUG $(inherited)";
				SWIFT_OPTIMIZATION_LEVEL = "-Onone";
			};
			name = Debug;
		};
		36D2EEE82E30A0470097ABE4 /* Release */ = {
			isa = XCBuildConfiguration;
			buildSettings = {
				ALWAYS_SEARCH_USER_PATHS = NO;
				ASSETCATALOG_COMPILER_GENERATE_SWIFT_ASSET_SYMBOL_EXTENSIONS = YES;
				CLANG_ANALYZER_NONNULL = YES;
				CLANG_ANALYZER_NUMBER_OBJECT_CONVERSION = YES_AGGRESSIVE;
				CLANG_CXX_LANGUAGE_STANDARD = "gnu++20";
				CLANG_ENABLE_MODULES = YES;
				CLANG_ENABLE_OBJC_ARC = YES;
				CLANG_ENABLE_OBJC_WEAK = YES;
				CLANG_WARN_BLOCK_CAPTURE_AUTORELEASING = YES;
				CLANG_WARN_BOOL_CONVERSION = YES;
				CLANG_WARN_COMMA = YES;
				CLANG_WARN_CONSTANT_CONVERSION = YES;
				CLANG_WARN_DEPRECATED_OBJC_IMPLEMENTATIONS = YES;
				CLANG_WARN_DIRECT_OBJC_ISA_USAGE = YES_ERROR;
				CLANG_WARN_DOCUMENTATION_COMMENTS = YES;
				CLANG_WARN_EMPTY_BODY = YES;
				CLANG_WARN_ENUM_CONVERSION = YES;
				CLANG_WARN_INFINITE_RECURSION = YES;
				CLANG_WARN_INT_CONVERSION = YES;
				CLANG_WARN_NON_LITERAL_NULL_CONVERSION = YES;
				CLANG_WARN_OBJC_IMPLICIT_RETAIN_SELF = YES;
				CLANG_WARN_OBJC_LITERAL_CONVERSION = YES;
				CLANG_WARN_OBJC_ROOT_CLASS = YES_ERROR;
				CLANG_WARN_QUOTED_INCLUDE_IN_FRAMEWORK_HEADER = YES;
				CLANG_WARN_RANGE_LOOP_ANALYSIS = YES;
				CLANG_WARN_STRICT_PROTOTYPES = YES;
				CLANG_WARN_SUSPICIOUS_MOVE = YES;
				CLANG_WARN_UNGUARDED_AVAILABILITY = YES_AGGRESSIVE;
				CLANG_WARN_UNREACHABLE_CODE = YES;
				CLANG_WARN__DUPLICATE_METHOD_MATCH = YES;
				COPY_PHASE_STRIP = NO;
				DEBUG_INFORMATION_FORMAT = "dwarf-with-dsym";
				ENABLE_NS_ASSERTIONS = NO;
				ENABLE_STRICT_OBJC_MSGSEND = YES;
				ENABLE_USER_SCRIPT_SANDBOXING = YES;
				GCC_C_LANGUAGE_STANDARD = gnu17;
				GCC_NO_COMMON_BLOCKS = YES;
				GCC_WARN_64_TO_32_BIT_CONVERSION = YES;
				GCC_WARN_ABOUT_RETURN_TYPE = YES_ERROR;
				GCC_WARN_UNDECLARED_SELECTOR = YES;
				GCC_WARN_UNINITIALIZED_AUTOS = YES_AGGRESSIVE;
				GCC_WARN_UNUSED_FUNCTION = YES;
				GCC_WARN_UNUSED_VARIABLE = YES;
				IPHONEOS_DEPLOYMENT_TARGET = 17.2;
				LOCALIZATION_PREFERS_STRING_CATALOGS = YES;
				MTL_ENABLE_DEBUG_INFO = NO;
				MTL_FAST_MATH = YES;
				SDKROOT = iphoneos;
				SWIFT_COMPILATION_MODE = wholemodule;
				VALIDATE_PRODUCT = YES;
			};
			name = Release;
		};
		36D2EEEA2E30A0470097ABE4 /* Debug */ = {
			isa = XCBuildConfiguration;
			buildSettings = {
				ASSETCATALOG_COMPILER_APPICON_NAME = AppIcon;
				ASSETCATALOG_COMPILER_GLOBAL_ACCENT_COLOR_NAME = AccentColor;
				CODE_SIGN_STYLE = Automatic;
				CURRENT_PROJECT_VERSION = 1;
				DEVELOPMENT_ASSET_PATHS = "\"MazzApp/Preview Content\"";
				ENABLE_PREVIEWS = YES;
				GENERATE_INFOPLIST_FILE = YES;
				INFOPLIST_KEY_UIApplicationSceneManifest_Generation = YES;
				INFOPLIST_KEY_UIApplicationSupportsIndirectInputEvents = YES;
				INFOPLIST_KEY_UILaunchScreen_Generation = YES;
				INFOPLIST_KEY_UISupportedInterfaceOrientations_iPad = "UIInterfaceOrientationPortrait UIInterfaceOrientationPortraitUpsideDown UIInterfaceOrientationLandscapeLeft UIInterfaceOrientationLandscapeRight";
				INFOPLIST_KEY_UISupportedInterfaceOrientations_iPhone = "UIInterfaceOrientationPortrait UIInterfaceOrientationLandscapeLeft UIInterfaceOrientationLandscapeRight";
				LD_RUNPATH_SEARCH_PATHS = (
					"$(inherited)",
					"@executable_path/Frameworks",
				);
				MARKETING_VERSION = 1.0;
				PRODUCT_BUNDLE_IDENTIFIER = com.phincon.MazzApp;
				PRODUCT_NAME = "$(TARGET_NAME)";
				SWIFT_EMIT_LOC_STRINGS = YES;
				SWIFT_VERSION = 5.0;
				TARGETED_DEVICE_FAMILY = "1,2";
			};
			name = Debug;
		};
		36D2EEEB2E30A0470097ABE4 /* Release */ = {
			isa = XCBuildConfiguration;
			buildSettings = {
				ASSETCATALOG_COMPILER_APPICON_NAME = AppIcon;
				ASSETCATALOG_COMPILER_GLOBAL_ACCENT_COLOR_NAME = AccentColor;
				CODE_SIGN_STYLE = Automatic;
				CURRENT_PROJECT_VERSION = 1;
				DEVELOPMENT_ASSET_PATHS = "\"MazzApp/Preview Content\"";
				ENABLE_PREVIEWS = YES;
				GENERATE_INFOPLIST_FILE = YES;
				INFOPLIST_KEY_UIApplicationSceneManifest_Generation = YES;
				INFOPLIST_KEY_UIApplicationSupportsIndirectInputEvents = YES;
				INFOPLIST_KEY_UILaunchScreen_Generation = YES;
				INFOPLIST_KEY_UISupportedInterfaceOrientations_iPad = "UIInterfaceOrientationPortrait UIInterfaceOrientationPortraitUpsideDown UIInterfaceOrientationLandscapeLeft UIInterfaceOrientationLandscapeRight";
				INFOPLIST_KEY_UISupportedInterfaceOrientations_iPhone = "UIInterfaceOrientationPortrait UIInterfaceOrientationLandscapeLeft UIInterfaceOrientationLandscapeRight";
				LD_RUNPATH_SEARCH_PATHS = (
					"$(inherited)",
					"@executable_path/Frameworks",
				);
				MARKETING_VERSION = 1.0;
				PRODUCT_BUNDLE_IDENTIFIER = com.phincon.MazzApp;
				PRODUCT_NAME = "$(TARGET_NAME)";
				SWIFT_EMIT_LOC_STRINGS = YES;
				SWIFT_VERSION = 5.0;
				TARGETED_DEVICE_FAMILY = "1,2";
			};
			name = Release;
		};
/* End XCBuildConfiguration section */

/* Begin XCConfigurationList section */
		36D2EED62E30A0460097ABE4 /* Build configuration list for PBXProject "MazzApp" */ = {
			isa = XCConfigurationList;
			buildConfigurations = (
				36D2EEE72E30A0470097ABE4 /* Debug */,
				36D2EEE82E30A0470097ABE4 /* Release */,
			);
			defaultConfigurationIsVisible = 0;
			defaultConfigurationName = Release;
		};
		36D2EEE92E30A0470097ABE4 /* Build configuration list for PBXNativeTarget "MazzApp" */ = {
			isa = XCConfigurationList;
			buildConfigurations = (
				36D2EEEA2E30A0470097ABE4 /* Debug */,
				36D2EEEB2E30A0470097ABE4 /* Release */,
			);
			defaultConfigurationIsVisible = 0;
			defaultConfigurationName = Release;
		};
/* End XCConfigurationList section */

/* Begin XCRemoteSwiftPackageReference section */
		33B662DA2E66D56300BBBDE1 /* XCRemoteSwiftPackageReference "SQLite" */ = {
			isa = XCRemoteSwiftPackageReference;
			repositoryURL = "https://github.com/stephencelis/SQLite.swift";
			requirement = {
				kind = upToNextMajorVersion;
				minimumVersion = 0.15.4;
			};
		};
		33B662E52E66DA7C00BBBDE1 /* XCRemoteSwiftPackageReference "realm-swift" */ = {
			isa = XCRemoteSwiftPackageReference;
			repositoryURL = "https://github.com/realm/realm-swift";
			requirement = {
				branch = master;
				kind = branch;
			};
		};
/* End XCRemoteSwiftPackageReference section */

/* Begin XCSwiftPackageProductDependency section */
		33B662DB2E66D56300BBBDE1 /* SQLite */ = {
			isa = XCSwiftPackageProductDependency;
			package = 33B662DA2E66D56300BBBDE1 /* XCRemoteSwiftPackageReference "SQLite" */;
			productName = SQLite;
		};
		33B662E62E66DA7C00BBBDE1 /* RealmSwift */ = {
			isa = XCSwiftPackageProductDependency;
			package = 33B662E52E66DA7C00BBBDE1 /* XCRemoteSwiftPackageReference "realm-swift" */;
			productName = RealmSwift;
		};
/* End XCSwiftPackageProductDependency section */
	};
	rootObject = 36D2EED32E30A0460097ABE4 /* Project object */;
}
